// !$*UTF8*$!
{
	archiveVersion = 1;
	classes = {
	};
	objectVersion = 46;
	objects = {

/* Begin PBXBuildFile section */
		2BB76E2ADBD6B1E4A3B21751 /* Pods_BondKU.framework in Frameworks */ = {isa = PBXBuildFile; fileRef = DF5A8BF0AB733AC6926B6F15 /* Pods_BondKU.framework */; };
		BE184CE91EA2487800953E0B /* PostsTableViewCell.swift in Sources */ = {isa = PBXBuildFile; fileRef = BE184CE81EA2487800953E0B /* PostsTableViewCell.swift */; };
		BE184CEF1EA24D6A00953E0B /* PostViewController.swift in Sources */ = {isa = PBXBuildFile; fileRef = BE184CEE1EA24D6A00953E0B /* PostViewController.swift */; };
		BE184CF11EA256CA00953E0B /* UsersViewController.swift in Sources */ = {isa = PBXBuildFile; fileRef = BE184CF01EA256CA00953E0B /* UsersViewController.swift */; };
		BE184CF31EA257EF00953E0B /* UsersTableViewCell.swift in Sources */ = {isa = PBXBuildFile; fileRef = BE184CF21EA257EF00953E0B /* UsersTableViewCell.swift */; };
		BE184CF51EA2612500953E0B /* dictionaryExtension.swift in Sources */ = {isa = PBXBuildFile; fileRef = BE184CF41EA2612500953E0B /* dictionaryExtension.swift */; };
		BE38EAAC1DC7FBD2007D60BB /* RegisterViewController.swift in Sources */ = {isa = PBXBuildFile; fileRef = BE38EAAB1DC7FBD2007D60BB /* RegisterViewController.swift */; };
		BE4364201DB68D6400005C4B /* AppDelegate.swift in Sources */ = {isa = PBXBuildFile; fileRef = BE43641F1DB68D6400005C4B /* AppDelegate.swift */; };
		BE4364221DB68D6400005C4B /* ViewController.swift in Sources */ = {isa = PBXBuildFile; fileRef = BE4364211DB68D6400005C4B /* ViewController.swift */; };
		BE4364251DB68D6400005C4B /* Main_1.storyboard in Resources */ = {isa = PBXBuildFile; fileRef = BE4364231DB68D6400005C4B /* Main_1.storyboard */; };
		BE4364271DB68D6400005C4B /* Assets.xcassets in Resources */ = {isa = PBXBuildFile; fileRef = BE4364261DB68D6400005C4B /* Assets.xcassets */; };
		BE4364351DB68D6400005C4B /* BondKUTests.swift in Sources */ = {isa = PBXBuildFile; fileRef = BE4364341DB68D6400005C4B /* BondKUTests.swift */; };
		BE4364401DB68D6400005C4B /* BondKUUITests.swift in Sources */ = {isa = PBXBuildFile; fileRef = BE43643F1DB68D6400005C4B /* BondKUUITests.swift */; };
		BE5B26361E6F0B33003EA0CB /* Posts.swift in Sources */ = {isa = PBXBuildFile; fileRef = BE5B26351E6F0B33003EA0CB /* Posts.swift */; };
		BE5B26381E6F0E0A003EA0CB /* PostTableViewCell.swift in Sources */ = {isa = PBXBuildFile; fileRef = BE5B26371E6F0E0A003EA0CB /* PostTableViewCell.swift */; };
		BE5B263A1E6F1B57003EA0CB /* PostDataSource.swift in Sources */ = {isa = PBXBuildFile; fileRef = BE5B26391E6F1B57003EA0CB /* PostDataSource.swift */; };
		BE6A42371DF6423D004C0EFD /* LoginViewController.swift in Sources */ = {isa = PBXBuildFile; fileRef = BE6A42361DF6423D004C0EFD /* LoginViewController.swift */; };
		BE8ACA881E03F98A00925498 /* AdSupport.framework in Frameworks */ = {isa = PBXBuildFile; fileRef = BE8ACA871E03F98A00925498 /* AdSupport.framework */; };
		BE8ACA8B1E040B9800925498 /* MessageController.swift in Sources */ = {isa = PBXBuildFile; fileRef = BE8ACA8A1E040B9800925498 /* MessageController.swift */; };
		BE8ACA8D1E04133200925498 /* UserDatabase.swift in Sources */ = {isa = PBXBuildFile; fileRef = BE8ACA8C1E04133200925498 /* UserDatabase.swift */; };
		BE8FFC5A1DF64CB7001C36C2 /* HomepageViewController.swift in Sources */ = {isa = PBXBuildFile; fileRef = BE8FFC591DF64CB7001C36C2 /* HomepageViewController.swift */; };
		BEB249D21DEB90C400A4FE57 /* GoogleService-Info.plist in Resources */ = {isa = PBXBuildFile; fileRef = BEB249D11DEB90C400A4FE57 /* GoogleService-Info.plist */; };
		BEE2CAF41E6E00E300F06996 /* MainTabBarController.swift in Sources */ = {isa = PBXBuildFile; fileRef = BEE2CAF31E6E00E300F06996 /* MainTabBarController.swift */; };
		BEFCA5651E3BD55600966E5A /* ContactsViewController.swift in Sources */ = {isa = PBXBuildFile; fileRef = BEFCA5641E3BD55600966E5A /* ContactsViewController.swift */; };
/* End PBXBuildFile section */

/* Begin PBXContainerItemProxy section */
		BE4364311DB68D6400005C4B /* PBXContainerItemProxy */ = {
			isa = PBXContainerItemProxy;
			containerPortal = BE4364141DB68D6300005C4B /* Project object */;
			proxyType = 1;
			remoteGlobalIDString = BE43641B1DB68D6300005C4B;
			remoteInfo = BondKU;
		};
		BE43643C1DB68D6400005C4B /* PBXContainerItemProxy */ = {
			isa = PBXContainerItemProxy;
			containerPortal = BE4364141DB68D6300005C4B /* Project object */;
			proxyType = 1;
			remoteGlobalIDString = BE43641B1DB68D6300005C4B;
			remoteInfo = BondKU;
		};
/* End PBXContainerItemProxy section */

/* Begin PBXFileReference section */
		8ED2D38DF7B73B657C97210E /* Pods-BondKU.debug.xcconfig */ = {isa = PBXFileReference; includeInIndex = 1; lastKnownFileType = text.xcconfig; name = "Pods-BondKU.debug.xcconfig"; path = "Pods/Target Support Files/Pods-BondKU/Pods-BondKU.debug.xcconfig"; sourceTree = "<group>"; };
		9E32356ED8D0995A1B01B88F /* Pods-BondKU.release.xcconfig */ = {isa = PBXFileReference; includeInIndex = 1; lastKnownFileType = text.xcconfig; name = "Pods-BondKU.release.xcconfig"; path = "Pods/Target Support Files/Pods-BondKU/Pods-BondKU.release.xcconfig"; sourceTree = "<group>"; };
		BE05484F1DED26E1003D2946 /* BondKU.entitlements */ = {isa = PBXFileReference; lastKnownFileType = text.plist.entitlements; path = BondKU.entitlements; sourceTree = "<group>"; };
		BE184CE81EA2487800953E0B /* PostsTableViewCell.swift */ = {isa = PBXFileReference; fileEncoding = 4; lastKnownFileType = sourcecode.swift; name = PostsTableViewCell.swift; path = Cells/PostsTableViewCell.swift; sourceTree = "<group>"; };
		BE184CEE1EA24D6A00953E0B /* PostViewController.swift */ = {isa = PBXFileReference; fileEncoding = 4; lastKnownFileType = sourcecode.swift; path = PostViewController.swift; sourceTree = "<group>"; };
		BE184CF01EA256CA00953E0B /* UsersViewController.swift */ = {isa = PBXFileReference; fileEncoding = 4; lastKnownFileType = sourcecode.swift; path = UsersViewController.swift; sourceTree = "<group>"; };
		BE184CF21EA257EF00953E0B /* UsersTableViewCell.swift */ = {isa = PBXFileReference; fileEncoding = 4; lastKnownFileType = sourcecode.swift; path = UsersTableViewCell.swift; sourceTree = "<group>"; };
		BE184CF41EA2612500953E0B /* dictionaryExtension.swift */ = {isa = PBXFileReference; fileEncoding = 4; lastKnownFileType = sourcecode.swift; path = dictionaryExtension.swift; sourceTree = "<group>"; };
		BE38EAAB1DC7FBD2007D60BB /* RegisterViewController.swift */ = {isa = PBXFileReference; fileEncoding = 4; lastKnownFileType = sourcecode.swift; path = RegisterViewController.swift; sourceTree = "<group>"; };
		BE43641C1DB68D6400005C4B /* BondKU.app */ = {isa = PBXFileReference; explicitFileType = wrapper.application; includeInIndex = 0; path = BondKU.app; sourceTree = BUILT_PRODUCTS_DIR; };
		BE43641F1DB68D6400005C4B /* AppDelegate.swift */ = {isa = PBXFileReference; lastKnownFileType = sourcecode.swift; path = AppDelegate.swift; sourceTree = "<group>"; };
		BE4364211DB68D6400005C4B /* ViewController.swift */ = {isa = PBXFileReference; lastKnownFileType = sourcecode.swift; path = ViewController.swift; sourceTree = "<group>"; };
		BE4364241DB68D6400005C4B /* Base */ = {isa = PBXFileReference; lastKnownFileType = file.storyboard; name = Base; path = Base.lproj/Main_1.storyboard; sourceTree = "<group>"; };
		BE4364261DB68D6400005C4B /* Assets.xcassets */ = {isa = PBXFileReference; lastKnownFileType = folder.assetcatalog; path = Assets.xcassets; sourceTree = "<group>"; };
		BE43642B1DB68D6400005C4B /* Info.plist */ = {isa = PBXFileReference; lastKnownFileType = text.plist.xml; path = Info.plist; sourceTree = "<group>"; };
		BE4364301DB68D6400005C4B /* BondKUTests.xctest */ = {isa = PBXFileReference; explicitFileType = wrapper.cfbundle; includeInIndex = 0; path = BondKUTests.xctest; sourceTree = BUILT_PRODUCTS_DIR; };
		BE4364341DB68D6400005C4B /* BondKUTests.swift */ = {isa = PBXFileReference; lastKnownFileType = sourcecode.swift; path = BondKUTests.swift; sourceTree = "<group>"; };
		BE4364361DB68D6400005C4B /* Info.plist */ = {isa = PBXFileReference; lastKnownFileType = text.plist.xml; path = Info.plist; sourceTree = "<group>"; };
		BE43643B1DB68D6400005C4B /* BondKUUITests.xctest */ = {isa = PBXFileReference; explicitFileType = wrapper.cfbundle; includeInIndex = 0; path = BondKUUITests.xctest; sourceTree = BUILT_PRODUCTS_DIR; };
		BE43643F1DB68D6400005C4B /* BondKUUITests.swift */ = {isa = PBXFileReference; lastKnownFileType = sourcecode.swift; path = BondKUUITests.swift; sourceTree = "<group>"; };
		BE4364411DB68D6400005C4B /* Info.plist */ = {isa = PBXFileReference; lastKnownFileType = text.plist.xml; path = Info.plist; sourceTree = "<group>"; };
		BE5B26351E6F0B33003EA0CB /* Posts.swift */ = {isa = PBXFileReference; fileEncoding = 4; lastKnownFileType = sourcecode.swift; path = Posts.swift; sourceTree = "<group>"; };
		BE5B26371E6F0E0A003EA0CB /* PostTableViewCell.swift */ = {isa = PBXFileReference; fileEncoding = 4; lastKnownFileType = sourcecode.swift; path = PostTableViewCell.swift; sourceTree = "<group>"; };
		BE5B26391E6F1B57003EA0CB /* PostDataSource.swift */ = {isa = PBXFileReference; fileEncoding = 4; lastKnownFileType = sourcecode.swift; path = PostDataSource.swift; sourceTree = "<group>"; };
		BE6A42361DF6423D004C0EFD /* LoginViewController.swift */ = {isa = PBXFileReference; fileEncoding = 4; lastKnownFileType = sourcecode.swift; path = LoginViewController.swift; sourceTree = "<group>"; };
		BE8ACA871E03F98A00925498 /* AdSupport.framework */ = {isa = PBXFileReference; lastKnownFileType = wrapper.framework; name = AdSupport.framework; path = System/Library/Frameworks/AdSupport.framework; sourceTree = SDKROOT; };
		BE8ACA8A1E040B9800925498 /* MessageController.swift */ = {isa = PBXFileReference; fileEncoding = 4; lastKnownFileType = sourcecode.swift; path = MessageController.swift; sourceTree = "<group>"; };
		BE8ACA8C1E04133200925498 /* UserDatabase.swift */ = {isa = PBXFileReference; fileEncoding = 4; lastKnownFileType = sourcecode.swift; path = UserDatabase.swift; sourceTree = "<group>"; };
		BE8FFC591DF64CB7001C36C2 /* HomepageViewController.swift */ = {isa = PBXFileReference; fileEncoding = 4; lastKnownFileType = sourcecode.swift; path = HomepageViewController.swift; sourceTree = "<group>"; };
		BEB249D11DEB90C400A4FE57 /* GoogleService-Info.plist */ = {isa = PBXFileReference; fileEncoding = 4; lastKnownFileType = text.plist.xml; path = "GoogleService-Info.plist"; sourceTree = "<group>"; };
		BEE2CAF31E6E00E300F06996 /* MainTabBarController.swift */ = {isa = PBXFileReference; fileEncoding = 4; lastKnownFileType = sourcecode.swift; path = MainTabBarController.swift; sourceTree = "<group>"; };
		BEFCA5641E3BD55600966E5A /* ContactsViewController.swift */ = {isa = PBXFileReference; fileEncoding = 4; lastKnownFileType = sourcecode.swift; path = ContactsViewController.swift; sourceTree = "<group>"; };
		DF5A8BF0AB733AC6926B6F15 /* Pods_BondKU.framework */ = {isa = PBXFileReference; explicitFileType = wrapper.framework; includeInIndex = 0; path = Pods_BondKU.framework; sourceTree = BUILT_PRODUCTS_DIR; };
/* End PBXFileReference section */

/* Begin PBXFrameworksBuildPhase section */
		BE4364191DB68D6300005C4B /* Frameworks */ = {
			isa = PBXFrameworksBuildPhase;
			buildActionMask = 2147483647;
			files = (
				BE8ACA881E03F98A00925498 /* AdSupport.framework in Frameworks */,
				2BB76E2ADBD6B1E4A3B21751 /* Pods_BondKU.framework in Frameworks */,
			);
			runOnlyForDeploymentPostprocessing = 0;
		};
		BE43642D1DB68D6400005C4B /* Frameworks */ = {
			isa = PBXFrameworksBuildPhase;
			buildActionMask = 2147483647;
			files = (
			);
			runOnlyForDeploymentPostprocessing = 0;
		};
		BE4364381DB68D6400005C4B /* Frameworks */ = {
			isa = PBXFrameworksBuildPhase;
			buildActionMask = 2147483647;
			files = (
			);
			runOnlyForDeploymentPostprocessing = 0;
		};
/* End PBXFrameworksBuildPhase section */

/* Begin PBXGroup section */
		B84D941711E9C7F409AEF1A2 /* Frameworks */ = {
			isa = PBXGroup;
			children = (
				BE8ACA871E03F98A00925498 /* AdSupport.framework */,
				DF5A8BF0AB733AC6926B6F15 /* Pods_BondKU.framework */,
			);
			name = Frameworks;
			sourceTree = "<group>";
		};
		BE184CEA1EA2487E00953E0B /* Cells */ = {
			isa = PBXGroup;
			children = (
				BE184CE81EA2487800953E0B /* PostsTableViewCell.swift */,
				BE184CF21EA257EF00953E0B /* UsersTableViewCell.swift */,
			);
			name = Cells;
			sourceTree = "<group>";
		};
		BE184CED1EA248DB00953E0B /* Models */ = {
			isa = PBXGroup;
			children = (
				BE5B26351E6F0B33003EA0CB /* Posts.swift */,
				BE8ACA8C1E04133200925498 /* UserDatabase.swift */,
			);
			name = Models;
			sourceTree = "<group>";
		};
		BE4364131DB68D6300005C4B = {
			isa = PBXGroup;
			children = (
				BE43641E1DB68D6400005C4B /* BondKU */,
				BE4364331DB68D6400005C4B /* BondKUTests */,
				BE43643E1DB68D6400005C4B /* BondKUUITests */,
				BE43641D1DB68D6400005C4B /* Products */,
				F6312092B22C6E15262EF413 /* Pods */,
				B84D941711E9C7F409AEF1A2 /* Frameworks */,
			);
			sourceTree = "<group>";
		};
		BE43641D1DB68D6400005C4B /* Products */ = {
			isa = PBXGroup;
			children = (
				BE43641C1DB68D6400005C4B /* BondKU.app */,
				BE4364301DB68D6400005C4B /* BondKUTests.xctest */,
				BE43643B1DB68D6400005C4B /* BondKUUITests.xctest */,
			);
			name = Products;
			sourceTree = "<group>";
		};
		BE43641E1DB68D6400005C4B /* BondKU */ = {
			isa = PBXGroup;
			children = (
				BE184CED1EA248DB00953E0B /* Models */,
				BE184CEA1EA2487E00953E0B /* Cells */,
				BE8ACA891E040B7600925498 /* Controllers */,
				BE05484F1DED26E1003D2946 /* BondKU.entitlements */,
				BE43641F1DB68D6400005C4B /* AppDelegate.swift */,
				BE4364211DB68D6400005C4B /* ViewController.swift */,
				BE4364231DB68D6400005C4B /* Main_1.storyboard */,
				BE4364261DB68D6400005C4B /* Assets.xcassets */,
				BE43642B1DB68D6400005C4B /* Info.plist */,
				BEB249D11DEB90C400A4FE57 /* GoogleService-Info.plist */,
				BE5B26371E6F0E0A003EA0CB /* PostTableViewCell.swift */,
				BE5B26391E6F1B57003EA0CB /* PostDataSource.swift */,
				BE184CF41EA2612500953E0B /* dictionaryExtension.swift */,
			);
			path = BondKU;
			sourceTree = "<group>";
		};
		BE4364331DB68D6400005C4B /* BondKUTests */ = {
			isa = PBXGroup;
			children = (
				BE4364341DB68D6400005C4B /* BondKUTests.swift */,
				BE4364361DB68D6400005C4B /* Info.plist */,
			);
			path = BondKUTests;
			sourceTree = "<group>";
		};
		BE43643E1DB68D6400005C4B /* BondKUUITests */ = {
			isa = PBXGroup;
			children = (
				BE43643F1DB68D6400005C4B /* BondKUUITests.swift */,
				BE4364411DB68D6400005C4B /* Info.plist */,
			);
			path = BondKUUITests;
			sourceTree = "<group>";
		};
		BE8ACA891E040B7600925498 /* Controllers */ = {
			isa = PBXGroup;
			children = (
				BE38EAAB1DC7FBD2007D60BB /* RegisterViewController.swift */,
				BE6A42361DF6423D004C0EFD /* LoginViewController.swift */,
				BE8FFC591DF64CB7001C36C2 /* HomepageViewController.swift */,
				BE8ACA8A1E040B9800925498 /* MessageController.swift */,
				BEFCA5641E3BD55600966E5A /* ContactsViewController.swift */,
				BEE2CAF31E6E00E300F06996 /* MainTabBarController.swift */,
				BE184CEE1EA24D6A00953E0B /* PostViewController.swift */,
				BE184CF01EA256CA00953E0B /* UsersViewController.swift */,
			);
			name = Controllers;
			sourceTree = "<group>";
		};
		F6312092B22C6E15262EF413 /* Pods */ = {
			isa = PBXGroup;
			children = (
				8ED2D38DF7B73B657C97210E /* Pods-BondKU.debug.xcconfig */,
				9E32356ED8D0995A1B01B88F /* Pods-BondKU.release.xcconfig */,
			);
			name = Pods;
			sourceTree = "<group>";
		};
/* End PBXGroup section */

/* Begin PBXNativeTarget section */
		BE43641B1DB68D6300005C4B /* BondKU */ = {
			isa = PBXNativeTarget;
			buildConfigurationList = BE4364441DB68D6400005C4B /* Build configuration list for PBXNativeTarget "BondKU" */;
			buildPhases = (
				7632DD730918380D7559E2F1 /* [CP] Check Pods Manifest.lock */,
				BE4364181DB68D6300005C4B /* Sources */,
				BE4364191DB68D6300005C4B /* Frameworks */,
				BE43641A1DB68D6300005C4B /* Resources */,
				228A62846CDAF5A693F0EBD0 /* [CP] Embed Pods Frameworks */,
				7BFD894021764C6DE44A5DDB /* [CP] Copy Pods Resources */,
			);
			buildRules = (
			);
			dependencies = (
			);
			name = BondKU;
			productName = BondKU;
			productReference = BE43641C1DB68D6400005C4B /* BondKU.app */;
			productType = "com.apple.product-type.application";
		};
		BE43642F1DB68D6400005C4B /* BondKUTests */ = {
			isa = PBXNativeTarget;
			buildConfigurationList = BE4364471DB68D6400005C4B /* Build configuration list for PBXNativeTarget "BondKUTests" */;
			buildPhases = (
				BE43642C1DB68D6400005C4B /* Sources */,
				BE43642D1DB68D6400005C4B /* Frameworks */,
				BE43642E1DB68D6400005C4B /* Resources */,
			);
			buildRules = (
			);
			dependencies = (
				BE4364321DB68D6400005C4B /* PBXTargetDependency */,
			);
			name = BondKUTests;
			productName = BondKUTests;
			productReference = BE4364301DB68D6400005C4B /* BondKUTests.xctest */;
			productType = "com.apple.product-type.bundle.unit-test";
		};
		BE43643A1DB68D6400005C4B /* BondKUUITests */ = {
			isa = PBXNativeTarget;
			buildConfigurationList = BE43644A1DB68D6400005C4B /* Build configuration list for PBXNativeTarget "BondKUUITests" */;
			buildPhases = (
				BE4364371DB68D6400005C4B /* Sources */,
				BE4364381DB68D6400005C4B /* Frameworks */,
				BE4364391DB68D6400005C4B /* Resources */,
			);
			buildRules = (
			);
			dependencies = (
				BE43643D1DB68D6400005C4B /* PBXTargetDependency */,
			);
			name = BondKUUITests;
			productName = BondKUUITests;
			productReference = BE43643B1DB68D6400005C4B /* BondKUUITests.xctest */;
			productType = "com.apple.product-type.bundle.ui-testing";
		};
/* End PBXNativeTarget section */

/* Begin PBXProject section */
		BE4364141DB68D6300005C4B /* Project object */ = {
			isa = PBXProject;
			attributes = {
				LastSwiftUpdateCheck = 0730;
				LastUpgradeCheck = 0800;
				ORGANIZATIONNAME = "SamyAl-Hawi";
				TargetAttributes = {
					BE43641B1DB68D6300005C4B = {
						CreatedOnToolsVersion = 7.3.1;
						DevelopmentTeam = 7CX2WC4SX8;
						LastSwiftMigration = 0800;
						ProvisioningStyle = Automatic;
						SystemCapabilities = {
							com.apple.Keychain = {
								enabled = 1;
							};
						};
					};
					BE43642F1DB68D6400005C4B = {
						CreatedOnToolsVersion = 7.3.1;
						LastSwiftMigration = 0800;
						TestTargetID = BE43641B1DB68D6300005C4B;
					};
					BE43643A1DB68D6400005C4B = {
						CreatedOnToolsVersion = 7.3.1;
						LastSwiftMigration = 0800;
						TestTargetID = BE43641B1DB68D6300005C4B;
					};
				};
			};
			buildConfigurationList = BE4364171DB68D6300005C4B /* Build configuration list for PBXProject "BondKU" */;
			compatibilityVersion = "Xcode 3.2";
			developmentRegion = English;
			hasScannedForEncodings = 0;
			knownRegions = (
				en,
				Base,
			);
			mainGroup = BE4364131DB68D6300005C4B;
			productRefGroup = BE43641D1DB68D6400005C4B /* Products */;
			projectDirPath = "";
			projectRoot = "";
			targets = (
				BE43641B1DB68D6300005C4B /* BondKU */,
				BE43642F1DB68D6400005C4B /* BondKUTests */,
				BE43643A1DB68D6400005C4B /* BondKUUITests */,
			);
		};
/* End PBXProject section */

/* Begin PBXResourcesBuildPhase section */
		BE43641A1DB68D6300005C4B /* Resources */ = {
			isa = PBXResourcesBuildPhase;
			buildActionMask = 2147483647;
			files = (
				BEB249D21DEB90C400A4FE57 /* GoogleService-Info.plist in Resources */,
				BE4364271DB68D6400005C4B /* Assets.xcassets in Resources */,
				BE4364251DB68D6400005C4B /* Main_1.storyboard in Resources */,
			);
			runOnlyForDeploymentPostprocessing = 0;
		};
		BE43642E1DB68D6400005C4B /* Resources */ = {
			isa = PBXResourcesBuildPhase;
			buildActionMask = 2147483647;
			files = (
			);
			runOnlyForDeploymentPostprocessing = 0;
		};
		BE4364391DB68D6400005C4B /* Resources */ = {
			isa = PBXResourcesBuildPhase;
			buildActionMask = 2147483647;
			files = (
			);
			runOnlyForDeploymentPostprocessing = 0;
		};
/* End PBXResourcesBuildPhase section */

/* Begin PBXShellScriptBuildPhase section */
		228A62846CDAF5A693F0EBD0 /* [CP] Embed Pods Frameworks */ = {
			isa = PBXShellScriptBuildPhase;
			buildActionMask = 2147483647;
			files = (
			);
			inputPaths = (
			);
			name = "[CP] Embed Pods Frameworks";
			outputPaths = (
			);
			runOnlyForDeploymentPostprocessing = 0;
			shellPath = /bin/sh;
			shellScript = "\"${SRCROOT}/Pods/Target Support Files/Pods-BondKU/Pods-BondKU-frameworks.sh\"\n";
			showEnvVarsInLog = 0;
		};
		7632DD730918380D7559E2F1 /* [CP] Check Pods Manifest.lock */ = {
			isa = PBXShellScriptBuildPhase;
			buildActionMask = 2147483647;
			files = (
			);
			inputPaths = (
			);
			name = "[CP] Check Pods Manifest.lock";
			outputPaths = (
			);
			runOnlyForDeploymentPostprocessing = 0;
			shellPath = /bin/sh;
			shellScript = "diff \"${PODS_ROOT}/../Podfile.lock\" \"${PODS_ROOT}/Manifest.lock\" > /dev/null\nif [ $? != 0 ] ; then\n    # print error to STDERR\n    echo \"error: The sandbox is not in sync with the Podfile.lock. Run 'pod install' or update your CocoaPods installation.\" >&2\n    exit 1\nfi\n";
			showEnvVarsInLog = 0;
		};
		7BFD894021764C6DE44A5DDB /* [CP] Copy Pods Resources */ = {
			isa = PBXShellScriptBuildPhase;
			buildActionMask = 2147483647;
			files = (
			);
			inputPaths = (
			);
			name = "[CP] Copy Pods Resources";
			outputPaths = (
			);
			runOnlyForDeploymentPostprocessing = 0;
			shellPath = /bin/sh;
			shellScript = "\"${SRCROOT}/Pods/Target Support Files/Pods-BondKU/Pods-BondKU-resources.sh\"\n";
			showEnvVarsInLog = 0;
		};
/* End PBXShellScriptBuildPhase section */

/* Begin PBXSourcesBuildPhase section */
		BE4364181DB68D6300005C4B /* Sources */ = {
			isa = PBXSourcesBuildPhase;
			buildActionMask = 2147483647;
			files = (
				BE6A42371DF6423D004C0EFD /* LoginViewController.swift in Sources */,
				BE8ACA8B1E040B9800925498 /* MessageController.swift in Sources */,
				BE184CEF1EA24D6A00953E0B /* PostViewController.swift in Sources */,
				BEE2CAF41E6E00E300F06996 /* MainTabBarController.swift in Sources */,
				BE38EAAC1DC7FBD2007D60BB /* RegisterViewController.swift in Sources */,
				BE184CE91EA2487800953E0B /* PostsTableViewCell.swift in Sources */,
				BE4364221DB68D6400005C4B /* ViewController.swift in Sources */,
				BE184CF11EA256CA00953E0B /* UsersViewController.swift in Sources */,
				BE184CF31EA257EF00953E0B /* UsersTableViewCell.swift in Sources */,
				BE5B26361E6F0B33003EA0CB /* Posts.swift in Sources */,
				BE4364201DB68D6400005C4B /* AppDelegate.swift in Sources */,
				BEFCA5651E3BD55600966E5A /* ContactsViewController.swift in Sources */,
				BE8FFC5A1DF64CB7001C36C2 /* HomepageViewController.swift in Sources */,
				BE8ACA8D1E04133200925498 /* UserDatabase.swift in Sources */,
				BE5B263A1E6F1B57003EA0CB /* PostDataSource.swift in Sources */,
				BE184CF51EA2612500953E0B /* dictionaryExtension.swift in Sources */,
				BE5B26381E6F0E0A003EA0CB /* PostTableViewCell.swift in Sources */,
			);
			runOnlyForDeploymentPostprocessing = 0;
		};
		BE43642C1DB68D6400005C4B /* Sources */ = {
			isa = PBXSourcesBuildPhase;
			buildActionMask = 2147483647;
			files = (
				BE4364351DB68D6400005C4B /* BondKUTests.swift in Sources */,
			);
			runOnlyForDeploymentPostprocessing = 0;
		};
		BE4364371DB68D6400005C4B /* Sources */ = {
			isa = PBXSourcesBuildPhase;
			buildActionMask = 2147483647;
			files = (
				BE4364401DB68D6400005C4B /* BondKUUITests.swift in Sources */,
			);
			runOnlyForDeploymentPostprocessing = 0;
		};
/* End PBXSourcesBuildPhase section */

/* Begin PBXTargetDependency section */
		BE4364321DB68D6400005C4B /* PBXTargetDependency */ = {
			isa = PBXTargetDependency;
			target = BE43641B1DB68D6300005C4B /* BondKU */;
			targetProxy = BE4364311DB68D6400005C4B /* PBXContainerItemProxy */;
		};
		BE43643D1DB68D6400005C4B /* PBXTargetDependency */ = {
			isa = PBXTargetDependency;
			target = BE43641B1DB68D6300005C4B /* BondKU */;
			targetProxy = BE43643C1DB68D6400005C4B /* PBXContainerItemProxy */;
		};
/* End PBXTargetDependency section */

/* Begin PBXVariantGroup section */
		BE4364231DB68D6400005C4B /* Main_1.storyboard */ = {
			isa = PBXVariantGroup;
			children = (
				BE4364241DB68D6400005C4B /* Base */,
			);
			name = Main_1.storyboard;
			sourceTree = "<group>";
		};
/* End PBXVariantGroup section */

/* Begin XCBuildConfiguration section */
		BE4364421DB68D6400005C4B /* Debug */ = {
			isa = XCBuildConfiguration;
			buildSettings = {
				ALWAYS_SEARCH_USER_PATHS = NO;
				CLANG_ANALYZER_NONNULL = YES;
				CLANG_CXX_LANGUAGE_STANDARD = "gnu++0x";
				CLANG_CXX_LIBRARY = "libc++";
				CLANG_ENABLE_MODULES = YES;
				CLANG_ENABLE_OBJC_ARC = YES;
				CLANG_WARN_BOOL_CONVERSION = YES;
				CLANG_WARN_CONSTANT_CONVERSION = YES;
				CLANG_WARN_DIRECT_OBJC_ISA_USAGE = YES_ERROR;
				CLANG_WARN_EMPTY_BODY = YES;
				CLANG_WARN_ENUM_CONVERSION = YES;
				CLANG_WARN_INFINITE_RECURSION = YES;
				CLANG_WARN_INT_CONVERSION = YES;
				CLANG_WARN_OBJC_ROOT_CLASS = YES_ERROR;
				CLANG_WARN_SUSPICIOUS_MOVE = YES;
				CLANG_WARN_UNREACHABLE_CODE = YES;
				CLANG_WARN__DUPLICATE_METHOD_MATCH = YES;
				"CODE_SIGN_IDENTITY[sdk=iphoneos*]" = "iPhone Developer";
				COPY_PHASE_STRIP = NO;
				DEBUG_INFORMATION_FORMAT = dwarf;
				ENABLE_STRICT_OBJC_MSGSEND = YES;
				ENABLE_TESTABILITY = YES;
				GCC_C_LANGUAGE_STANDARD = gnu99;
				GCC_DYNAMIC_NO_PIC = NO;
				GCC_NO_COMMON_BLOCKS = YES;
				GCC_OPTIMIZATION_LEVEL = 0;
				GCC_PREPROCESSOR_DEFINITIONS = (
					"DEBUG=1",
					"$(inherited)",
				);
				GCC_WARN_64_TO_32_BIT_CONVERSION = YES;
				GCC_WARN_ABOUT_RETURN_TYPE = YES_ERROR;
				GCC_WARN_UNDECLARED_SELECTOR = YES;
				GCC_WARN_UNINITIALIZED_AUTOS = YES_AGGRESSIVE;
				GCC_WARN_UNUSED_FUNCTION = YES;
				GCC_WARN_UNUSED_VARIABLE = YES;
				IPHONEOS_DEPLOYMENT_TARGET = 9.3;
				MTL_ENABLE_DEBUG_INFO = YES;
				ONLY_ACTIVE_ARCH = YES;
				SDKROOT = iphoneos;
				SWIFT_OPTIMIZATION_LEVEL = "-Onone";
			};
			name = Debug;
		};
		BE4364431DB68D6400005C4B /* Release */ = {
			isa = XCBuildConfiguration;
			buildSettings = {
				ALWAYS_SEARCH_USER_PATHS = NO;
				CLANG_ANALYZER_NONNULL = YES;
				CLANG_CXX_LANGUAGE_STANDARD = "gnu++0x";
				CLANG_CXX_LIBRARY = "libc++";
				CLANG_ENABLE_MODULES = YES;
				CLANG_ENABLE_OBJC_ARC = YES;
				CLANG_WARN_BOOL_CONVERSION = YES;
				CLANG_WARN_CONSTANT_CONVERSION = YES;
				CLANG_WARN_DIRECT_OBJC_ISA_USAGE = YES_ERROR;
				CLANG_WARN_EMPTY_BODY = YES;
				CLANG_WARN_ENUM_CONVERSION = YES;
				CLANG_WARN_INFINITE_RECURSION = YES;
				CLANG_WARN_INT_CONVERSION = YES;
				CLANG_WARN_OBJC_ROOT_CLASS = YES_ERROR;
				CLANG_WARN_SUSPICIOUS_MOVE = YES;
				CLANG_WARN_UNREACHABLE_CODE = YES;
				CLANG_WARN__DUPLICATE_METHOD_MATCH = YES;
				"CODE_SIGN_IDENTITY[sdk=iphoneos*]" = "iPhone Developer";
				COPY_PHASE_STRIP = NO;
				DEBUG_INFORMATION_FORMAT = "dwarf-with-dsym";
				ENABLE_NS_ASSERTIONS = NO;
				ENABLE_STRICT_OBJC_MSGSEND = YES;
				GCC_C_LANGUAGE_STANDARD = gnu99;
				GCC_NO_COMMON_BLOCKS = YES;
				GCC_WARN_64_TO_32_BIT_CONVERSION = YES;
				GCC_WARN_ABOUT_RETURN_TYPE = YES_ERROR;
				GCC_WARN_UNDECLARED_SELECTOR = YES;
				GCC_WARN_UNINITIALIZED_AUTOS = YES_AGGRESSIVE;
				GCC_WARN_UNUSED_FUNCTION = YES;
				GCC_WARN_UNUSED_VARIABLE = YES;
				IPHONEOS_DEPLOYMENT_TARGET = 9.3;
				MTL_ENABLE_DEBUG_INFO = NO;
				SDKROOT = iphoneos;
				SWIFT_OPTIMIZATION_LEVEL = "-Owholemodule";
				VALIDATE_PRODUCT = YES;
			};
			name = Release;
		};
		BE4364451DB68D6400005C4B /* Debug */ = {
			isa = XCBuildConfiguration;
			baseConfigurationReference = 8ED2D38DF7B73B657C97210E /* Pods-BondKU.debug.xcconfig */;
			buildSettings = {
				ALWAYS_EMBED_SWIFT_STANDARD_LIBRARIES = NO;
				ALWAYS_SEARCH_USER_PATHS = NO;
				ASSETCATALOG_COMPILER_APPICON_NAME = AppIcon;
				CLANG_ALLOW_NON_MODULAR_INCLUDES_IN_FRAMEWORK_MODULES = YES;
				CODE_SIGN_ENTITLEMENTS = BondKU/BondKU.entitlements;
				CODE_SIGN_IDENTITY = "iPhone Developer";
				"CODE_SIGN_IDENTITY[sdk=iphoneos*]" = "iPhone Developer";
				DEVELOPMENT_TEAM = 7CX2WC4SX8;
				HEADER_SEARCH_PATHS = (
					"$(inherited)",
					"$(SDKROOT)/usr/include/libxml2",
					"${PODS_ROOT}/Firebase/Core/Sources",
					"$(inherited)",
					"\"${PODS_ROOT}/Headers/Public\"",
					"\"${PODS_ROOT}/Headers/Public/Bolts\"",
					"\"${PODS_ROOT}/Headers/Public/FBSDKCoreKit\"",
					"\"${PODS_ROOT}/Headers/Public/FBSDKLoginKit\"",
					"\"${PODS_ROOT}/Headers/Public/Fabric\"",
					"\"${PODS_ROOT}/Headers/Public/Firebase\"",
					"\"${PODS_ROOT}/Headers/Public/FirebaseAnalytics\"",
					"\"${PODS_ROOT}/Headers/Public/FirebaseAuth\"",
					"\"${PODS_ROOT}/Headers/Public/FirebaseCore\"",
					"\"${PODS_ROOT}/Headers/Public/FirebaseDatabase\"",
					"\"${PODS_ROOT}/Headers/Public/FirebaseInstanceID\"",
					"\"${PODS_ROOT}/Headers/Public/FirebaseStorage\"",
					"\"${PODS_ROOT}/Headers/Public/FirebaseUI\"",
					"\"${PODS_ROOT}/Headers/Public/GTMOAuth2\"",
					"\"${PODS_ROOT}/Headers/Public/GTMSessionFetcher\"",
					"\"${PODS_ROOT}/Headers/Public/GoogleAppUtilities\"",
					"\"${PODS_ROOT}/Headers/Public/GoogleInterchangeUtilities\"",
					"\"${PODS_ROOT}/Headers/Public/GoogleSignIn\"",
					"\"${PODS_ROOT}/Headers/Public/GoogleSymbolUtilities\"",
					"\"${PODS_ROOT}/Headers/Public/GoogleToolboxForMac\"",
					"\"${PODS_ROOT}/Headers/Public/SDWebImage\"",
					"\"${PODS_ROOT}/Headers/Public/TwitterCore\"",
					"\"${PODS_ROOT}/Headers/Public/TwitterKit\"",
				);
				INFOPLIST_FILE = BondKU/Info.plist;
				LD_RUNPATH_SEARCH_PATHS = "$(inherited) @executable_path/Frameworks";
				LIBRARY_SEARCH_PATHS = "$(inherited)";
				ONLY_ACTIVE_ARCH = YES;
				PRODUCT_BUNDLE_IDENTIFIER = com.Kingston.BondKU;
				PRODUCT_NAME = "$(TARGET_NAME)";
				SDKROOT = iphoneos;
				SWIFT_VERSION = 3.0;
			};
			name = Debug;
		};
		BE4364461DB68D6400005C4B /* Release */ = {
			isa = XCBuildConfiguration;
			baseConfigurationReference = 9E32356ED8D0995A1B01B88F /* Pods-BondKU.release.xcconfig */;
			buildSettings = {
				ALWAYS_EMBED_SWIFT_STANDARD_LIBRARIES = NO;
				ALWAYS_SEARCH_USER_PATHS = NO;
				ASSETCATALOG_COMPILER_APPICON_NAME = AppIcon;
				CLANG_ALLOW_NON_MODULAR_INCLUDES_IN_FRAMEWORK_MODULES = YES;
				CODE_SIGN_ENTITLEMENTS = BondKU/BondKU.entitlements;
				CODE_SIGN_IDENTITY = "iPhone Developer";
				"CODE_SIGN_IDENTITY[sdk=iphoneos*]" = "iPhone Developer";
				DEVELOPMENT_TEAM = 7CX2WC4SX8;
				HEADER_SEARCH_PATHS = (
					"$(inherited)",
					"$(SDKROOT)/usr/include/libxml2",
					"${PODS_ROOT}/Firebase/Core/Sources",
					"$(inherited)",
					"\"${PODS_ROOT}/Headers/Public\"",
					"\"${PODS_ROOT}/Headers/Public/Bolts\"",
					"\"${PODS_ROOT}/Headers/Public/FBSDKCoreKit\"",
					"\"${PODS_ROOT}/Headers/Public/FBSDKLoginKit\"",
					"\"${PODS_ROOT}/Headers/Public/Fabric\"",
					"\"${PODS_ROOT}/Headers/Public/Firebase\"",
					"\"${PODS_ROOT}/Headers/Public/FirebaseAnalytics\"",
					"\"${PODS_ROOT}/Headers/Public/FirebaseAuth\"",
					"\"${PODS_ROOT}/Headers/Public/FirebaseCore\"",
					"\"${PODS_ROOT}/Headers/Public/FirebaseDatabase\"",
					"\"${PODS_ROOT}/Headers/Public/FirebaseInstanceID\"",
					"\"${PODS_ROOT}/Headers/Public/FirebaseStorage\"",
					"\"${PODS_ROOT}/Headers/Public/FirebaseUI\"",
					"\"${PODS_ROOT}/Headers/Public/GTMOAuth2\"",
					"\"${PODS_ROOT}/Headers/Public/GTMSessionFetcher\"",
					"\"${PODS_ROOT}/Headers/Public/GoogleAppUtilities\"",
					"\"${PODS_ROOT}/Headers/Public/GoogleInterchangeUtilities\"",
					"\"${PODS_ROOT}/Headers/Public/GoogleSignIn\"",
					"\"${PODS_ROOT}/Headers/Public/GoogleSymbolUtilities\"",
					"\"${PODS_ROOT}/Headers/Public/GoogleToolboxForMac\"",
					"\"${PODS_ROOT}/Headers/Public/SDWebImage\"",
					"\"${PODS_ROOT}/Headers/Public/TwitterCore\"",
					"\"${PODS_ROOT}/Headers/Public/TwitterKit\"",
				);
				INFOPLIST_FILE = BondKU/Info.plist;
				LD_RUNPATH_SEARCH_PATHS = "$(inherited) @executable_path/Frameworks";
				LIBRARY_SEARCH_PATHS = "$(inherited)";
				ONLY_ACTIVE_ARCH = YES;
				PRODUCT_BUNDLE_IDENTIFIER = com.Kingston.BondKU;
				PRODUCT_NAME = "$(TARGET_NAME)";
				SDKROOT = iphoneos;
				SWIFT_VERSION = 3.0;
			};
			name = Release;
		};
		BE4364481DB68D6400005C4B /* Debug */ = {
			isa = XCBuildConfiguration;
			buildSettings = {
				BUNDLE_LOADER = "$(TEST_HOST)";
				INFOPLIST_FILE = BondKUTests/Info.plist;
				LD_RUNPATH_SEARCH_PATHS = "$(inherited) @executable_path/Frameworks @loader_path/Frameworks";
				PRODUCT_BUNDLE_IDENTIFIER = com.Kingston.BondKUTests;
				PRODUCT_NAME = "$(TARGET_NAME)";
				SWIFT_VERSION = 3.0;
				TEST_HOST = "$(BUILT_PRODUCTS_DIR)/BondKU.app/BondKU";
			};
			name = Debug;
		};
		BE4364491DB68D6400005C4B /* Release */ = {
			isa = XCBuildConfiguration;
			buildSettings = {
				BUNDLE_LOADER = "$(TEST_HOST)";
				INFOPLIST_FILE = BondKUTests/Info.plist;
				LD_RUNPATH_SEARCH_PATHS = "$(inherited) @executable_path/Frameworks @loader_path/Frameworks";
				PRODUCT_BUNDLE_IDENTIFIER = com.Kingston.BondKUTests;
				PRODUCT_NAME = "$(TARGET_NAME)";
				SWIFT_VERSION = 3.0;
				TEST_HOST = "$(BUILT_PRODUCTS_DIR)/BondKU.app/BondKU";
			};
			name = Release;
		};
		BE43644B1DB68D6400005C4B /* Debug */ = {
			isa = XCBuildConfiguration;
			buildSettings = {
				INFOPLIST_FILE = BondKUUITests/Info.plist;
				LD_RUNPATH_SEARCH_PATHS = "$(inherited) @executable_path/Frameworks @loader_path/Frameworks";
				PRODUCT_BUNDLE_IDENTIFIER = com.Kingston.BondKUUITests;
				PRODUCT_NAME = "$(TARGET_NAME)";
				SWIFT_VERSION = 3.0;
				TEST_TARGET_NAME = BondKU;
			};
			name = Debug;
		};
		BE43644C1DB68D6400005C4B /* Release */ = {
			isa = XCBuildConfiguration;
			buildSettings = {
				INFOPLIST_FILE = BondKUUITests/Info.plist;
				LD_RUNPATH_SEARCH_PATHS = "$(inherited) @executable_path/Frameworks @loader_path/Frameworks";
				PRODUCT_BUNDLE_IDENTIFIER = com.Kingston.BondKUUITests;
				PRODUCT_NAME = "$(TARGET_NAME)";
				SWIFT_VERSION = 3.0;
				TEST_TARGET_NAME = BondKU;
			};
			name = Release;
		};
/* End XCBuildConfiguration section */

/* Begin XCConfigurationList section */
		BE4364171DB68D6300005C4B /* Build configuration list for PBXProject "BondKU" */ = {
			isa = XCConfigurationList;
			buildConfigurations = (
				BE4364421DB68D6400005C4B /* Debug */,
				BE4364431DB68D6400005C4B /* Release */,
			);
			defaultConfigurationIsVisible = 0;
			defaultConfigurationName = Release;
		};
		BE4364441DB68D6400005C4B /* Build configuration list for PBXNativeTarget "BondKU" */ = {
			isa = XCConfigurationList;
			buildConfigurations = (
				BE4364451DB68D6400005C4B /* Debug */,
				BE4364461DB68D6400005C4B /* Release */,
			);
			defaultConfigurationIsVisible = 0;
			defaultConfigurationName = Release;
		};
		BE4364471DB68D6400005C4B /* Build configuration list for PBXNativeTarget "BondKUTests" */ = {
			isa = XCConfigurationList;
			buildConfigurations = (
				BE4364481DB68D6400005C4B /* Debug */,
				BE4364491DB68D6400005C4B /* Release */,
			);
			defaultConfigurationIsVisible = 0;
			defaultConfigurationName = Release;
		};
		BE43644A1DB68D6400005C4B /* Build configuration list for PBXNativeTarget "BondKUUITests" */ = {
			isa = XCConfigurationList;
			buildConfigurations = (
				BE43644B1DB68D6400005C4B /* Debug */,
				BE43644C1DB68D6400005C4B /* Release */,
			);
			defaultConfigurationIsVisible = 0;
			defaultConfigurationName = Release;
		};
/* End XCConfigurationList section */
	};
	rootObject = BE4364141DB68D6300005C4B /* Project object */;
}
